{
  "name": "mybatis-mapper-myyrakle",
  "version": "0.6.6",
  "lockfileVersion": 1,
  "requires": true,
  "dependencies": {
    "html-parse-stringify2": {
      "version": "2.0.1",
      "resolved": "https://registry.npmjs.org/html-parse-stringify2/-/html-parse-stringify2-2.0.1.tgz",
      "integrity": "sha1-3FZwtyksoVi3vJFsmmc1rIhyg0o=",
      "requires": {
        "void-elements": "^2.0.1"
      }
    },
    "lodash": {
      "version": "4.17.15",
      "resolved": "https://registry.npmjs.org/lodash/-/lodash-4.17.15.tgz",
      "integrity": "sha512-8xOcRHvCjnocdS5cpwXQXVzmmh5e5+saE2QGoeQmbKmRS6J3VQppPOIt0MnmE+4xlZoumy0GPG0D0MVIQbNA1A=="
    },
    "sql-formatter": {
      "version": "2.3.2",
      "resolved": "https://registry.npmjs.org/sql-formatter/-/sql-formatter-2.3.2.tgz",
      "integrity": "sha512-cffwWdNzQAvzf/JlAv7fnCAR2//ZvmN2e9FWyWI6GCHYvn0U2UrmCOwBr0GO8HPaEm7Bks+a3rQDc+0Z43bhJg==",
      "requires": {
        "lodash": "^4.16.0"
      }
    },
    "void-elements": {
      "version": "2.0.1",
      "resolved": "https://registry.npmjs.org/void-elements/-/void-elements-2.0.1.tgz",
      "integrity": "sha1-wGavtYK7HLQSjWDqkjkulNXp2+w="
    }
  }
}
